{
    "version": "0.5",
    "requires": [
        "zstd/1.5.5#b87dc3b185caa4b122979ac4ae8ef7e8%1699046809.017",
        "zlib/1.3.1#f52e03ae3d251dec704634230cd806a2%1708593606.497",
        "xz_utils/5.4.5#a26a2d42ab9c3dabc151bbe1bf898e53%1700748506.394",
        "xorg/system#f626cbdd0ba57d9c53bce2d8b9362fad%1709213216.576",
        "xnnpack/cci.20231026#20bfc7ccd2bd2dcfcf3ea76446fb5b6a%1702571834.403",
        "vorbis/1.3.7#37e58f52e59a6232199b34ef402714a6%1699046045.52",
        "vdpau/system#bdd7d010c4e3d8762a8f6f08a3cf6760%1681427145.051",
        "vaapi/system#9fa40059fb979af4f9b301b84fb2dfa1%1681427134.881",
        "tensorflow-lite/2.12.0#2f91fe419ebc59dba4af1adcac4963a4%1710763572.919",
        "ruy/cci.20220628#81a2ef59e9f38e838fbcb8bf8246133c%1702562524.182",
        "quirc/1.2#92179dd521786aea0729f2c859cbbcb9%1684855866.655",
        "pulseaudio/14.2#bedb313afed20242c7caa27ae3e10af8%1705079591.3",
        "pthreadpool/cci.20231129#c721f98463f06cc5bf835df5d6fd9843%1702580771.579",
        "psimd/cci.20200517#83200a06ebb1ff39c5adff0d712c05fa%1700638971.11",
        "protobuf/3.21.12#ff413e7c6d81724e872661875af83e68%1700600971.129",
        "opus/1.4#54631f551fc450783fb2df8cd63f80a2%1692264047.36",
        "openssl/3.2.1#edbeabd3bfc383d2cca3858aa2a78a0d%1709295668.562",
        "openjpeg/2.5.0#2886244f2492121aa7c6c493a814db06%1709098264.352",
        "openh264/2.3.1#8b94a94f5472b67355953c7748ad4381%1687851599.659",
        "openexr/3.2.3#cc76d7ca85ee7dfe03114eaa2a8e8c1b%1710016380.492",
        "opencv/4.5.5#9ef77602c86fe380fe53421d452053ee%1710161064.541",
        "ogg/1.3.5#062626875f5c8c59f069f76f148098ef%1676030023.878",
        "mpg123/1.31.2#ce831c936b2284e2066ab3dc58a2628e%1697088458.795",
        "m4/1.4.19#b38ced39a01e31fef5435bc634461fd2%1700758725.451",
        "libx265/3.4#60fd8f9d5a93fd2338a46a0664ddc768%1697088391.25",
        "libx264/cci.20220602#310132b8f365d0d74028128d3677f132%1699409106.287",
        "libwebp/1.3.2#52f69c4a31c5cf033fdd9230d77a8e38%1694806992.059",
        "libvpx/1.13.1#31c5cc0bc9fff2b5baf5a1fac60bd9c9%1705664199.024",
        "libtool/2.4.7#08316dad5c72c541ed21e039e4cf217b%1702300906.107",
        "libtiff/4.6.0#51d0e7e15d032aeec1b64e65c44ecd9f%1710002558.618",
        "libsndfile/1.2.2#b3662f832e29507e8d9840a43737cc14%1701864257.026",
        "libpng/1.6.43#c219d8f01983bac10c404fc613605eef%1708791038.007",
        "libmp3lame/3.100#44b12d19316eb2b223d98d3e75dae438%1674992501.853",
        "libjpeg/9e#68269859e4325ddc3f995d1fd3fc9187%1674953155.168",
        "libiconv/1.17#73fefc1b696e069df90fd1d18aa63edd%1707122814.387",
        "libfdk_aac/2.0.3#a4041d75d31de57214adeb9c6f9cae26%1703759492.632",
        "libdeflate/1.19#3ea74a4549efc14d4b1202dc4bfbf602%1694914376.803",
        "libcap/2.69#7ef2d60864c2e58e89db957be936dc49%1693427138.461",
        "libaom-av1/3.6.1#a569b342c6f8129cf327709e18691072%1689885838.656",
        "libalsa/1.2.10#8b568d62190ef588cd5dcdd81171c289%1694958059.674",
        "jbig/20160605#2d29fa02aacd76902e0d2cbbc24631ef%1676066289.194",
        "jasper/4.2.0#bbda6a34e0a3d3e9caff91c15f632902%1707492379.368",
        "intel-neon2sse/cci.20210225#56e8b51d756e9ae2a612e3489039e07b%1701333748.561",
        "imath/3.1.9#2e7f5802b247baae47235b4c8d5642c9%1708982814.433",
        "gtk/system#3671596ecc796ec65f881b2cad66ce26%1681427046.339",
        "gemmlowp/cci.20210928#28483fa833aa47549961bb9c5ab84bfa%1676224257.989",
        "fxdiv/cci.20200417#0b3afe4c9d1b8d05f5f017984c8cb15a%1678543821.122",
        "freetype/2.13.2#dfa3d504cae4a08d5c72113bd6f28498%1709733500.506",
        "fp16/cci.20210320#34dbac7f6fa3dee68830028b53de6c84%1700638970.182",
        "flatbuffers/23.3.3#9ae28c67104fca222622513355755d3e%1683895439.098",
        "flac/1.4.2#6a17595ab773d2de32e18b5d3b24afff%1703803162.098",
        "fft/cci.20061228#76a056c8ad3656ad557071c230f0f50c%1676213461.547",
        "ffmpeg/4.4.4#0e4bd98a7a3303ae108adb9940f9ec3f%1706722475.079",
        "farmhash/cci.20190513#af6593f545dd2b496e6bd019f1deb66f%1676156947.749",
        "eigen/3.4.0#2e192482a8acff96fe34766adca2b24c%1680436083.8",
        "dav1d/1.2.1#94259c8baa2b1e7ab9976f1c20822be8%1695167740.826",
        "cpuinfo/cci.20231129#306f0c2325f566b37835fdea3af1cc2d%1702566017.149",
        "bzip2/1.0.8#457c272f7da34cb9c67456dd217d36c4%1703591832.799",
        "brotli/1.1.0#d56d7bb9ca722942aba17369cb5c0519%1696161049.808",
        "automake/1.16.5#058bda3e21c36c9aa8425daf3c1faf50%1688481772.751",
        "autoconf/2.71#00a1e46d8ba5baaf7f10d64c1a6a0342%1703977033.025",
        "ade/0.1.2d#f225d0a218a7c9fbb81746806c7de53d%1697752528.048",
        "abseil/20230125.3#207b0d386ea564ac506dfe34e4cd6b55%1710262073.193"
    ],
    "build_requires": [
        "zlib/1.3.1#f52e03ae3d251dec704634230cd806a2%1708593606.497",
        "yasm/1.3.0#fb800a15413dca19bfaef9e4b5d50694%1676208399.011",
        "strawberryperl/5.32.1.1#8f83d05a60363a422f9033e52d106b47%1666134191.176",
        "strawberryperl/5.30.0.1#d125df083747d815c66e9ee621f3909f%1666134190.827",
        "protobuf/3.21.12#ff413e7c6d81724e872661875af83e68%1700600971.129",
        "pkgconf/2.1.0#27f44583701117b571307cf5b5fe5605%1701537936.436",
        "pkgconf/2.0.3#f996677e96e61e6552d85e83756c328b%1696606182.229",
        "ninja/1.11.1#77587f8c8318662ac8e5a7867eb4be21%1684431244.21",
        "nasm/2.15.05#058c93b2214a49ca1cfe9f8f26205568%1703550024.076",
        "msys2/cci.latest#5a31efa2bde593541fd5ac3bcc50c01c%1699871190.424",
        "meson/1.2.2#04bdfb85d665c82b08a3510aee3ffd19%1702568761.764",
        "meson/1.2.1#f641f02771e4660c772354736da0b9c6%1702568762.471",
        "m4/1.4.19#b38ced39a01e31fef5435bc634461fd2%1700758725.451",
        "libtool/2.4.7#08316dad5c72c541ed21e039e4cf217b%1702300906.107",
        "libiconv/1.17#73fefc1b696e069df90fd1d18aa63edd%1707122814.387",
        "gnu-config/cci.20210814#dc430d754f465e8c74463019672fb97b%1701248168.479",
        "gettext/0.21#6a3dee40c7c7ddcd671205b5770c0d34%1710785562.76",
        "cmake/3.28.1#92f79424d7b65b12a84a2180866c3a78%1703679314.116",
        "automake/1.16.5#058bda3e21c36c9aa8425daf3c1faf50%1688481772.751",
        "autoconf/2.71#00a1e46d8ba5baaf7f10d64c1a6a0342%1703977033.025"
    ],
    "python_requires": [],
    "config_requires": []
}