{
    "version": "0.5",
    "requires": [
        "zstd/1.5.5#1f239731dc45147c7fc2f54bfbde73df%1715599909.17",
        "zlib/1.3.1#f52e03ae3d251dec704634230cd806a2%1708593606.497",
        "xz_utils/5.4.5#51e5a6e6564f4ea3afd79def01f035ad%1712043875.075",
        "xorg/system#f626cbdd0ba57d9c53bce2d8b9362fad%1709213216.576",
        "xnnpack/cci.20231026#7485b0bd0fddb0c09ed1658846c84797%1709310561.618",
        "xkeyboard-config/system#57dd5c08e72ab06bc2ee0e756c0a2c41%1703110621.907",
        "xkbcommon/1.6.0#dababe41c183634d88ad56ef4740c045%1714157587.792",
        "wayland/1.22.0#284b56bdbe57868770f46100784e3b4d%1713421055.17",
        "vorbis/1.3.7#37e58f52e59a6232199b34ef402714a6%1699046045.52",
        "vdpau/system#bdd7d010c4e3d8762a8f6f08a3cf6760%1681427145.051",
        "vaapi/system#9fa40059fb979af4f9b301b84fb2dfa1%1681427134.881",
        "tensorflow-lite/2.12.0#96273db1311909743061ef932fb11909%1718894148.094",
        "ruy/cci.20220628#81a2ef59e9f38e838fbcb8bf8246133c%1702562524.182",
        "quirc/1.2#92179dd521786aea0729f2c859cbbcb9%1684855866.655",
        "pulseaudio/14.2#30afeff38a7770cb9cda17a66da49a19%1719557658.76",
        "pthreadpool/cci.20231129#c721f98463f06cc5bf835df5d6fd9843%1702580771.579",
        "psimd/cci.20200517#83200a06ebb1ff39c5adff0d712c05fa%1700638971.11",
        "protobuf/3.21.12#2099e6c66fcd31b52c3afc0c096c1d02%1721234378.51",
        "opus/1.4#54631f551fc450783fb2df8cd63f80a2%1692264047.36",
        "openssl/3.3.1#279e86dc2a7dded8c1fe8512e775bdb1%1721924369.561",
        "openjpeg/2.5.2#6f7b733e151d1bbf5ed05cbabb846828%1709653017.024",
        "openh264/2.4.1#f65570895428516317d5236ac3bc5360%1721740002.807",
        "openexr/3.2.3#cc76d7ca85ee7dfe03114eaa2a8e8c1b%1710016380.492",
        "opencv/4.8.1#206beb6aefe57048135a68cd92e40ee8%1722857351.166",
        "ogg/1.3.5#062626875f5c8c59f069f76f148098ef%1676030023.878",
        "mpg123/1.31.2#ce831c936b2284e2066ab3dc58a2628e%1697088458.795",
        "m4/1.4.19#b38ced39a01e31fef5435bc634461fd2%1700758725.451",
        "libxml2/2.12.7#1c4d20b7ab8b618ce699733723ba4df6%1721306327.767",
        "libx265/3.4#719e50b2b2c3fd1b9133fea12da42c62%1721125806.318",
        "libx264/cci.20240224#3c88c23b44dfb42c6d5ccbc5c04900c7%1720704565.879",
        "libwebp/1.3.2#52f69c4a31c5cf033fdd9230d77a8e38%1694806992.059",
        "libvpx/1.14.1#3b2a56aea1e29b9a8f7753030c620f38%1723275102.019",
        "libtool/2.4.7#08316dad5c72c541ed21e039e4cf217b%1702300906.107",
        "libtiff/4.6.0#51d0e7e15d032aeec1b64e65c44ecd9f%1710002558.618",
        "libsndfile/1.2.2#b3662f832e29507e8d9840a43737cc14%1701864257.026",
        "libpng/1.6.43#c219d8f01983bac10c404fc613605eef%1708791038.007",
        "libmp3lame/3.100#44b12d19316eb2b223d98d3e75dae438%1674992501.853",
        "libjpeg/9e#3cd27a78643419450ee6d3739514d25c%1717248355.892",
        "libiconv/1.17#73fefc1b696e069df90fd1d18aa63edd%1707122814.387",
        "libffi/3.4.4#72cccac6139293b6e97ec9cd676547ff%1712271679.608",
        "libfdk_aac/2.0.3#0115f6598be7303e042684e3a846b12d%1720774838.081",
        "libdeflate/1.19#3ea74a4549efc14d4b1202dc4bfbf602%1694914376.803",
        "libcap/2.69#7ef2d60864c2e58e89db957be936dc49%1693427138.461",
        "libaom-av1/3.6.1#a2b22c70d6fce43887881431808ab8a6%1722584909.89",
        "libalsa/1.2.10#e64d5e1ced869a2f676145bab4f4a181%1724146566.895",
        "jbig/20160605#2d29fa02aacd76902e0d2cbbc24631ef%1676066289.194",
        "intel-neon2sse/cci.20210225#56e8b51d756e9ae2a612e3489039e07b%1701333748.561",
        "imath/3.1.9#2e7f5802b247baae47235b4c8d5642c9%1708982814.433",
        "gemmlowp/cci.20210928#28483fa833aa47549961bb9c5ab84bfa%1676224257.989",
        "fxdiv/cci.20200417#0b3afe4c9d1b8d05f5f017984c8cb15a%1678543821.122",
        "freetype/2.13.2#7934d59c447d72edcd56025dc60e1aeb%1714137854.529",
        "fp16/cci.20210320#34dbac7f6fa3dee68830028b53de6c84%1700638970.182",
        "flatbuffers/23.3.3#9ae28c67104fca222622513355755d3e%1683895439.098",
        "flac/1.4.2#d4051f8b37ee93725dea40dfd6a10168%1713623506.282",
        "fft/cci.20061228#76a056c8ad3656ad557071c230f0f50c%1676213461.547",
        "ffmpeg/4.4.4#4a8420d12e27d959e07b23c9b06c650b%1723789819.089",
        "farmhash/cci.20190513#af6593f545dd2b496e6bd019f1deb66f%1676156947.749",
        "expat/2.6.2#2d385d0d50eb5561006a7ff9e356656b%1710428668.414",
        "eigen/3.4.0#2e192482a8acff96fe34766adca2b24c%1680436083.8",
        "dav1d/1.4.3#5e2459e132c77183bd16d23d12fd8f4a%1720718852.932",
        "cpuinfo/cci.20231129#15e94782b128bee8bfd047f6102a4d21%1716817358.974",
        "bzip2/1.0.8#457c272f7da34cb9c67456dd217d36c4%1703591832.799",
        "brotli/1.1.0#d56d7bb9ca722942aba17369cb5c0519%1696161049.808",
        "automake/1.16.5#058bda3e21c36c9aa8425daf3c1faf50%1688481772.751",
        "autoconf/2.71#f9307992909d7fb3df459340f1932809%1711983104.648",
        "ade/0.1.2d#f225d0a218a7c9fbb81746806c7de53d%1697752528.048",
        "abseil/20230125.3#0b0d7fb4e74691fefb0211de8d2e1d86%1724079572.899"
    ],
    "build_requires": [
        "zlib/1.3.1#f52e03ae3d251dec704634230cd806a2%1708593606.497",
        "yasm/1.3.0#fb800a15413dca19bfaef9e4b5d50694%1676208399.011",
        "wayland-protocols/1.33#b9e56b7662c2a25f30bfb4eb72df9ad6%1712673831.168",
        "wayland/1.22.0#284b56bdbe57868770f46100784e3b4d%1713421055.17",
        "strawberryperl/5.32.1.1#707032463aa0620fa17ec0d887f5fe41%1716912583.131",
        "protobuf/3.21.12#2099e6c66fcd31b52c3afc0c096c1d02%1721234378.51",
        "pkgconf/2.2.0#6462942a22803086372db44689ba825f%1713364853.749",
        "pkgconf/2.1.0#27f44583701117b571307cf5b5fe5605%1701537936.436",
        "pkgconf/2.0.3#f996677e96e61e6552d85e83756c328b%1696606182.229",
        "ninja/1.12.1#fd583651bf0c6a901943495d49878803%1724079877.609",
        "nasm/2.16.01#d0aebbd20ccbb6ad9c9c753ab708098c%1703986473.394",
        "nasm/2.15.05#058c93b2214a49ca1cfe9f8f26205568%1703550024.076",
        "msys2/cci.latest#f6bb451a181a3f452024ea43ca744061%1720711212.775",
        "meson/1.4.1#d1b27e4988cfee59b212addebb1474d5%1724080330.635",
        "meson/1.4.0#d04d88a761cf81e05206dbbe0f1bfea2%1724080327.035",
        "meson/1.3.2#726f715cfedf3f94cc4d30a5d5d9c281%1724080329.711",
        "meson/1.3.0#21176d1eacfb0ad6a1bd0c8c3c93f8b6%1724080332.051",
        "meson/1.2.2#29cf77c283f6af08818f6fd8068c37e8%1724080330.199",
        "m4/1.4.19#b38ced39a01e31fef5435bc634461fd2%1700758725.451",
        "libxml2/2.12.7#1c4d20b7ab8b618ce699733723ba4df6%1721306327.767",
        "libtool/2.4.7#08316dad5c72c541ed21e039e4cf217b%1702300906.107",
        "libiconv/1.17#73fefc1b696e069df90fd1d18aa63edd%1707122814.387",
        "libffi/3.4.4#72cccac6139293b6e97ec9cd676547ff%1712271679.608",
        "gnu-config/cci.20210814#dc430d754f465e8c74463019672fb97b%1701248168.479",
        "gettext/0.21#a2bd3513f212013764c9040f4c70ed69%1717422118.985",
        "flex/2.6.4#e35bc44b3fcbcd661e0af0dc5b5b1ad4%1674818991.113",
        "expat/2.6.2#2d385d0d50eb5561006a7ff9e356656b%1710428668.414",
        "cmake/3.30.1#6d832cf2d46f6ec969ca5ed5b41f91eb%1721643748.186",
        "bison/3.8.2#ed1ba0c42d2ab7ab64fc3a62e9ecc673%1688556312.342",
        "automake/1.16.5#058bda3e21c36c9aa8425daf3c1faf50%1688481772.751",
        "autoconf/2.71#f9307992909d7fb3df459340f1932809%1711983104.648"
    ],
    "python_requires": [],
    "config_requires": []
}